// !$*UTF8*$!
{
	archiveVersion = 1;
	classes = {
	};
	objectVersion = 55;
	objects = {

/* Begin PBXBuildFile section */
		3BEC0B7E285B91AC0030EC25 /* AppDelegate.swift in Sources */ = {isa = PBXBuildFile; fileRef = 3BEC0B7D285B91AC0030EC25 /* AppDelegate.swift */; };
		3BEC0B80285B91AC0030EC25 /* SceneDelegate.swift in Sources */ = {isa = PBXBuildFile; fileRef = 3BEC0B7F285B91AC0030EC25 /* SceneDelegate.swift */; };
		3BEC0B82285B91AC0030EC25 /* ViewController.swift in Sources */ = {isa = PBXBuildFile; fileRef = 3BEC0B81285B91AC0030EC25 /* ViewController.swift */; };
		3BEC0B85285B91AC0030EC25 /* Main.storyboard in Resources */ = {isa = PBXBuildFile; fileRef = 3BEC0B83285B91AC0030EC25 /* Main.storyboard */; };
		3BEC0B88285B91AC0030EC25 /* TakeItEasyProject.xcdatamodeld in Sources */ = {isa = PBXBuildFile; fileRef = 3BEC0B86285B91AC0030EC25 /* TakeItEasyProject.xcdatamodeld */; };
		3BEC0B8A285B91AF0030EC25 /* Assets.xcassets in Resources */ = {isa = PBXBuildFile; fileRef = 3BEC0B89285B91AF0030EC25 /* Assets.xcassets */; };
		3BEC0B8D285B91AF0030EC25 /* LaunchScreen.storyboard in Resources */ = {isa = PBXBuildFile; fileRef = 3BEC0B8B285B91AF0030EC25 /* LaunchScreen.storyboard */; };
		F7638BC8285C207C006F10C0 /* BookMain.storyboard in Resources */ = {isa = PBXBuildFile; fileRef = F7638BC7285C207C006F10C0 /* BookMain.storyboard */; };
		F7638BCA285C21BF006F10C0 /* BooksViewController.swift in Sources */ = {isa = PBXBuildFile; fileRef = F7638BC9285C21BF006F10C0 /* BooksViewController.swift */; };
		F7638BCC285C2297006F10C0 /* Model.swift in Sources */ = {isa = PBXBuildFile; fileRef = F7638BCB285C2297006F10C0 /* Model.swift */; };
		F7638BCE285C22CA006F10C0 /* BookWebViewController.swift in Sources */ = {isa = PBXBuildFile; fileRef = F7638BCD285C22CA006F10C0 /* BookWebViewController.swift */; };
		F7638BD0285C2331006F10C0 /* GeneralBookCollectionViewCell.swift in Sources */ = {isa = PBXBuildFile; fileRef = F7638BCF285C2331006F10C0 /* GeneralBookCollectionViewCell.swift */; };
		F7638BD2285C2344006F10C0 /* TechBookCollectionViewCell.swift in Sources */ = {isa = PBXBuildFile; fileRef = F7638BD1285C2344006F10C0 /* TechBookCollectionViewCell.swift */; };
		F7638BD4285C235A006F10C0 /* CookBookCollectionViewCell.swift in Sources */ = {isa = PBXBuildFile; fileRef = F7638BD3285C235A006F10C0 /* CookBookCollectionViewCell.swift */; };
/* End PBXBuildFile section */

/* Begin PBXFileReference section */
		3BEC0B7A285B91AC0030EC25 /* TakeItEasyProject.app */ = {isa = PBXFileReference; explicitFileType = wrapper.application; includeInIndex = 0; path = TakeItEasyProject.app; sourceTree = BUILT_PRODUCTS_DIR; };
		3BEC0B7D285B91AC0030EC25 /* AppDelegate.swift */ = {isa = PBXFileReference; lastKnownFileType = sourcecode.swift; path = AppDelegate.swift; sourceTree = "<group>"; };
		3BEC0B7F285B91AC0030EC25 /* SceneDelegate.swift */ = {isa = PBXFileReference; lastKnownFileType = sourcecode.swift; path = SceneDelegate.swift; sourceTree = "<group>"; };
		3BEC0B81285B91AC0030EC25 /* ViewController.swift */ = {isa = PBXFileReference; lastKnownFileType = sourcecode.swift; path = ViewController.swift; sourceTree = "<group>"; };
		3BEC0B84285B91AC0030EC25 /* Base */ = {isa = PBXFileReference; lastKnownFileType = file.storyboard; name = Base; path = Base.lproj/Main.storyboard; sourceTree = "<group>"; };
		3BEC0B87285B91AC0030EC25 /* TakeItEasyProject.xcdatamodel */ = {isa = PBXFileReference; lastKnownFileType = wrapper.xcdatamodel; path = TakeItEasyProject.xcdatamodel; sourceTree = "<group>"; };
		3BEC0B89285B91AF0030EC25 /* Assets.xcassets */ = {isa = PBXFileReference; lastKnownFileType = folder.assetcatalog; path = Assets.xcassets; sourceTree = "<group>"; };
		3BEC0B8C285B91AF0030EC25 /* Base */ = {isa = PBXFileReference; lastKnownFileType = file.storyboard; name = Base; path = Base.lproj/LaunchScreen.storyboard; sourceTree = "<group>"; };
		3BEC0B8E285B91AF0030EC25 /* Info.plist */ = {isa = PBXFileReference; lastKnownFileType = text.plist.xml; path = Info.plist; sourceTree = "<group>"; };
		F7638BC7285C207C006F10C0 /* BookMain.storyboard */ = {isa = PBXFileReference; lastKnownFileType = file.storyboard; path = BookMain.storyboard; sourceTree = "<group>"; };
		F7638BC9285C21BF006F10C0 /* BooksViewController.swift */ = {isa = PBXFileReference; lastKnownFileType = sourcecode.swift; path = BooksViewController.swift; sourceTree = "<group>"; };
		F7638BCB285C2297006F10C0 /* Model.swift */ = {isa = PBXFileReference; lastKnownFileType = sourcecode.swift; path = Model.swift; sourceTree = "<group>"; };
		F7638BCD285C22CA006F10C0 /* BookWebViewController.swift */ = {isa = PBXFileReference; lastKnownFileType = sourcecode.swift; path = BookWebViewController.swift; sourceTree = "<group>"; };
		F7638BCF285C2331006F10C0 /* GeneralBookCollectionViewCell.swift */ = {isa = PBXFileReference; lastKnownFileType = sourcecode.swift; path = GeneralBookCollectionViewCell.swift; sourceTree = "<group>"; };
		F7638BD1285C2344006F10C0 /* TechBookCollectionViewCell.swift */ = {isa = PBXFileReference; lastKnownFileType = sourcecode.swift; path = TechBookCollectionViewCell.swift; sourceTree = "<group>"; };
		F7638BD3285C235A006F10C0 /* CookBookCollectionViewCell.swift */ = {isa = PBXFileReference; lastKnownFileType = sourcecode.swift; path = CookBookCollectionViewCell.swift; sourceTree = "<group>"; };
/* End PBXFileReference section */

/* Begin PBXFrameworksBuildPhase section */
		3BEC0B77285B91AC0030EC25 /* Frameworks */ = {
			isa = PBXFrameworksBuildPhase;
			buildActionMask = 2147483647;
			files = (
			);
			runOnlyForDeploymentPostprocessing = 0;
		};
/* End PBXFrameworksBuildPhase section */

/* Begin PBXGroup section */
		3BEC0B71285B91AC0030EC25 = {
			isa = PBXGroup;
			children = (
				3BEC0B7C285B91AC0030EC25 /* TakeItEasyProject */,
				3BEC0B7B285B91AC0030EC25 /* Products */,
			);
			sourceTree = "<group>";
		};
		3BEC0B7B285B91AC0030EC25 /* Products */ = {
			isa = PBXGroup;
			children = (
				3BEC0B7A285B91AC0030EC25 /* TakeItEasyProject.app */,
			);
			name = Products;
			sourceTree = "<group>";
		};
		3BEC0B7C285B91AC0030EC25 /* TakeItEasyProject */ = {
			isa = PBXGroup;
			children = (
				3BEC0B7D285B91AC0030EC25 /* AppDelegate.swift */,
				3BEC0B7F285B91AC0030EC25 /* SceneDelegate.swift */,
				3BEC0B81285B91AC0030EC25 /* ViewController.swift */,
				3BEC0B83285B91AC0030EC25 /* Main.storyboard */,
				3BEC0B89285B91AF0030EC25 /* Assets.xcassets */,
				3BEC0B8B285B91AF0030EC25 /* LaunchScreen.storyboard */,
				3BEC0B8E285B91AF0030EC25 /* Info.plist */,
				3BEC0B86285B91AC0030EC25 /* TakeItEasyProject.xcdatamodeld */,
				F7638BC7285C207C006F10C0 /* BookMain.storyboard */,
				F7638BC9285C21BF006F10C0 /* BooksViewController.swift */,
				F7638BCB285C2297006F10C0 /* Model.swift */,
				F7638BCD285C22CA006F10C0 /* BookWebViewController.swift */,
				F7638BCF285C2331006F10C0 /* GeneralBookCollectionViewCell.swift */,
				F7638BD1285C2344006F10C0 /* TechBookCollectionViewCell.swift */,
				F7638BD3285C235A006F10C0 /* CookBookCollectionViewCell.swift */,
			);
			path = TakeItEasyProject;
			sourceTree = "<group>";
		};
/* End PBXGroup section */

/* Begin PBXNativeTarget section */
		3BEC0B79285B91AC0030EC25 /* TakeItEasyProject */ = {
			isa = PBXNativeTarget;
			buildConfigurationList = 3BEC0B91285B91AF0030EC25 /* Build configuration list for PBXNativeTarget "TakeItEasyProject" */;
			buildPhases = (
				3BEC0B76285B91AC0030EC25 /* Sources */,
				3BEC0B77285B91AC0030EC25 /* Frameworks */,
				3BEC0B78285B91AC0030EC25 /* Resources */,
			);
			buildRules = (
			);
			dependencies = (
			);
			name = TakeItEasyProject;
			productName = TakeItEasyProject;
			productReference = 3BEC0B7A285B91AC0030EC25 /* TakeItEasyProject.app */;
			productType = "com.apple.product-type.application";
		};
/* End PBXNativeTarget section */

/* Begin PBXProject section */
		3BEC0B72285B91AC0030EC25 /* Project object */ = {
			isa = PBXProject;
			attributes = {
				BuildIndependentTargetsInParallel = 1;
				LastSwiftUpdateCheck = 1340;
				LastUpgradeCheck = 1340;
				TargetAttributes = {
					3BEC0B79285B91AC0030EC25 = {
						CreatedOnToolsVersion = 13.4.1;
					};
				};
			};
			buildConfigurationList = 3BEC0B75285B91AC0030EC25 /* Build configuration list for PBXProject "TakeItEasyProject" */;
			compatibilityVersion = "Xcode 13.0";
			developmentRegion = en;
			hasScannedForEncodings = 0;
			knownRegions = (
				en,
				Base,
			);
			mainGroup = 3BEC0B71285B91AC0030EC25;
			productRefGroup = 3BEC0B7B285B91AC0030EC25 /* Products */;
			projectDirPath = "";
			projectRoot = "";
			targets = (
				3BEC0B79285B91AC0030EC25 /* TakeItEasyProject */,
			);
		};
/* End PBXProject section */

/* Begin PBXResourcesBuildPhase section */
		3BEC0B78285B91AC0030EC25 /* Resources */ = {
			isa = PBXResourcesBuildPhase;
			buildActionMask = 2147483647;
			files = (
				3BEC0B8D285B91AF0030EC25 /* LaunchScreen.storyboard in Resources */,
				3BEC0B8A285B91AF0030EC25 /* Assets.xcassets in Resources */,
				F7638BC8285C207C006F10C0 /* BookMain.storyboard in Resources */,
				3BEC0B85285B91AC0030EC25 /* Main.storyboard in Resources */,
			);
			runOnlyForDeploymentPostprocessing = 0;
		};
/* End PBXResourcesBuildPhase section */

/* Begin PBXSourcesBuildPhase section */
		3BEC0B76285B91AC0030EC25 /* Sources */ = {
			isa = PBXSourcesBuildPhase;
			buildActionMask = 2147483647;
			files = (
				F7638BD4285C235A006F10C0 /* CookBookCollectionViewCell.swift in Sources */,
				F7638BCA285C21BF006F10C0 /* BooksViewController.swift in Sources */,
				3BEC0B82285B91AC0030EC25 /* ViewController.swift in Sources */,
				3BEC0B88285B91AC0030EC25 /* TakeItEasyProject.xcdatamodeld in Sources */,
				F7638BCC285C2297006F10C0 /* Model.swift in Sources */,
				3BEC0B7E285B91AC0030EC25 /* AppDelegate.swift in Sources */,
				F7638BCE285C22CA006F10C0 /* BookWebViewController.swift in Sources */,
				F7638BD2285C2344006F10C0 /* TechBookCollectionViewCell.swift in Sources */,
				F7638BD0285C2331006F10C0 /* GeneralBookCollectionViewCell.swift in Sources */,
				3BEC0B80285B91AC0030EC25 /* SceneDelegate.swift in Sources */,
			);
			runOnlyForDeploymentPostprocessing = 0;
		};
/* End PBXSourcesBuildPhase section */

/* Begin PBXVariantGroup section */
		3BEC0B83285B91AC0030EC25 /* Main.storyboard */ = {
			isa = PBXVariantGroup;
			children = (
				3BEC0B84285B91AC0030EC25 /* Base */,
			);
			name = Main.storyboard;
			sourceTree = "<group>";
		};
		3BEC0B8B285B91AF0030EC25 /* LaunchScreen.storyboard */ = {
			isa = PBXVariantGroup;
			children = (
				3BEC0B8C285B91AF0030EC25 /* Base */,
			);
			name = LaunchScreen.storyboard;
			sourceTree = "<group>";
		};
/* End PBXVariantGroup section */

/* Begin XCBuildConfiguration section */
		3BEC0B8F285B91AF0030EC25 /* Debug */ = {
			isa = XCBuildConfiguration;
			buildSettings = {
				ALWAYS_SEARCH_USER_PATHS = NO;
				CLANG_ANALYZER_NONNULL = YES;
				CLANG_ANALYZER_NUMBER_OBJECT_CONVERSION = YES_AGGRESSIVE;
				CLANG_CXX_LANGUAGE_STANDARD = "gnu++17";
				CLANG_ENABLE_MODULES = YES;
				CLANG_ENABLE_OBJC_ARC = YES;
				CLANG_ENABLE_OBJC_WEAK = YES;
				CLANG_WARN_BLOCK_CAPTURE_AUTORELEASING = YES;
				CLANG_WARN_BOOL_CONVERSION = YES;
				CLANG_WARN_COMMA = YES;
				CLANG_WARN_CONSTANT_CONVERSION = YES;
				CLANG_WARN_DEPRECATED_OBJC_IMPLEMENTATIONS = YES;
				CLANG_WARN_DIRECT_OBJC_ISA_USAGE = YES_ERROR;
				CLANG_WARN_DOCUMENTATION_COMMENTS = YES;
				CLANG_WARN_EMPTY_BODY = YES;
				CLANG_WARN_ENUM_CONVERSION = YES;
				CLANG_WARN_INFINITE_RECURSION = YES;
				CLANG_WARN_INT_CONVERSION = YES;
				CLANG_WARN_NON_LITERAL_NULL_CONVERSION = YES;
				CLANG_WARN_OBJC_IMPLICIT_RETAIN_SELF = YES;
				CLANG_WARN_OBJC_LITERAL_CONVERSION = YES;
				CLANG_WARN_OBJC_ROOT_CLASS = YES_ERROR;
				CLANG_WARN_QUOTED_INCLUDE_IN_FRAMEWORK_HEADER = YES;
				CLANG_WARN_RANGE_LOOP_ANALYSIS = YES;
				CLANG_WARN_STRICT_PROTOTYPES = YES;
				CLANG_WARN_SUSPICIOUS_MOVE = YES;
				CLANG_WARN_UNGUARDED_AVAILABILITY = YES_AGGRESSIVE;
				CLANG_WARN_UNREACHABLE_CODE = YES;
				CLANG_WARN__DUPLICATE_METHOD_MATCH = YES;
				COPY_PHASE_STRIP = NO;
				DEBUG_INFORMATION_FORMAT = dwarf;
				ENABLE_STRICT_OBJC_MSGSEND = YES;
				ENABLE_TESTABILITY = YES;
				GCC_C_LANGUAGE_STANDARD = gnu11;
				GCC_DYNAMIC_NO_PIC = NO;
				GCC_NO_COMMON_BLOCKS = YES;
				GCC_OPTIMIZATION_LEVEL = 0;
				GCC_PREPROCESSOR_DEFINITIONS = (
					"DEBUG=1",
					"$(inherited)",
				);
				GCC_WARN_64_TO_32_BIT_CONVERSION = YES;
				GCC_WARN_ABOUT_RETURN_TYPE = YES_ERROR;
				GCC_WARN_UNDECLARED_SELECTOR = YES;
				GCC_WARN_UNINITIALIZED_AUTOS = YES_AGGRESSIVE;
				GCC_WARN_UNUSED_FUNCTION = YES;
				GCC_WARN_UNUSED_VARIABLE = YES;
				IPHONEOS_DEPLOYMENT_TARGET = 15.5;
				MTL_ENABLE_DEBUG_INFO = INCLUDE_SOURCE;
				MTL_FAST_MATH = YES;
				ONLY_ACTIVE_ARCH = YES;
				SDKROOT = iphoneos;
				SWIFT_ACTIVE_COMPILATION_CONDITIONS = DEBUG;
				SWIFT_OPTIMIZATION_LEVEL = "-Onone";
			};
			name = Debug;
		};
		3BEC0B90285B91AF0030EC25 /* Release */ = {
			isa = XCBuildConfiguration;
			buildSettings = {
				ALWAYS_SEARCH_USER_PATHS = NO;
				CLANG_ANALYZER_NONNULL = YES;
				CLANG_ANALYZER_NUMBER_OBJECT_CONVERSION = YES_AGGRESSIVE;
				CLANG_CXX_LANGUAGE_STANDARD = "gnu++17";
				CLANG_ENABLE_MODULES = YES;
				CLANG_ENABLE_OBJC_ARC = YES;
				CLANG_ENABLE_OBJC_WEAK = YES;
				CLANG_WARN_BLOCK_CAPTURE_AUTORELEASING = YES;
				CLANG_WARN_BOOL_CONVERSION = YES;
				CLANG_WARN_COMMA = YES;
				CLANG_WARN_CONSTANT_CONVERSION = YES;
				CLANG_WARN_DEPRECATED_OBJC_IMPLEMENTATIONS = YES;
				CLANG_WARN_DIRECT_OBJC_ISA_USAGE = YES_ERROR;
				CLANG_WARN_DOCUMENTATION_COMMENTS = YES;
				CLANG_WARN_EMPTY_BODY = YES;
				CLANG_WARN_ENUM_CONVERSION = YES;
				CLANG_WARN_INFINITE_RECURSION = YES;
				CLANG_WARN_INT_CONVERSION = YES;
				CLANG_WARN_NON_LITERAL_NULL_CONVERSION = YES;
				CLANG_WARN_OBJC_IMPLICIT_RETAIN_SELF = YES;
				CLANG_WARN_OBJC_LITERAL_CONVERSION = YES;
				CLANG_WARN_OBJC_ROOT_CLASS = YES_ERROR;
				CLANG_WARN_QUOTED_INCLUDE_IN_FRAMEWORK_HEADER = YES;
				CLANG_WARN_RANGE_LOOP_ANALYSIS = YES;
				CLANG_WARN_STRICT_PROTOTYPES = YES;
				CLANG_WARN_SUSPICIOUS_MOVE = YES;
				CLANG_WARN_UNGUARDED_AVAILABILITY = YES_AGGRESSIVE;
				CLANG_WARN_UNREACHABLE_CODE = YES;
				CLANG_WARN__DUPLICATE_METHOD_MATCH = YES;
				COPY_PHASE_STRIP = NO;
				DEBUG_INFORMATION_FORMAT = "dwarf-with-dsym";
				ENABLE_NS_ASSERTIONS = NO;
				ENABLE_STRICT_OBJC_MSGSEND = YES;
				GCC_C_LANGUAGE_STANDARD = gnu11;
				GCC_NO_COMMON_BLOCKS = YES;
				GCC_WARN_64_TO_32_BIT_CONVERSION = YES;
				GCC_WARN_ABOUT_RETURN_TYPE = YES_ERROR;
				GCC_WARN_UNDECLARED_SELECTOR = YES;
				GCC_WARN_UNINITIALIZED_AUTOS = YES_AGGRESSIVE;
				GCC_WARN_UNUSED_FUNCTION = YES;
				GCC_WARN_UNUSED_VARIABLE = YES;
				IPHONEOS_DEPLOYMENT_TARGET = 15.5;
				MTL_ENABLE_DEBUG_INFO = NO;
				MTL_FAST_MATH = YES;
				SDKROOT = iphoneos;
				SWIFT_COMPILATION_MODE = wholemodule;
				SWIFT_OPTIMIZATION_LEVEL = "-O";
				VALIDATE_PRODUCT = YES;
			};
			name = Release;
		};
		3BEC0B92285B91AF0030EC25 /* Debug */ = {
			isa = XCBuildConfiguration;
			buildSettings = {
				ASSETCATALOG_COMPILER_APPICON_NAME = AppIcon;
				ASSETCATALOG_COMPILER_GLOBAL_ACCENT_COLOR_NAME = AccentColor;
				CODE_SIGN_STYLE = Automatic;
				CURRENT_PROJECT_VERSION = 1;
				DEVELOPMENT_TEAM = 78KD2K8JK9;
				GENERATE_INFOPLIST_FILE = YES;
				INFOPLIST_FILE = TakeItEasyProject/Info.plist;
				INFOPLIST_KEY_UIApplicationSupportsIndirectInputEvents = YES;
				INFOPLIST_KEY_UILaunchStoryboardName = LaunchScreen;
				INFOPLIST_KEY_UIMainStoryboardFile = Main;
				INFOPLIST_KEY_UISupportedInterfaceOrientations_iPad = "UIInterfaceOrientationPortrait UIInterfaceOrientationPortraitUpsideDown UIInterfaceOrientationLandscapeLeft UIInterfaceOrientationLandscapeRight";
				INFOPLIST_KEY_UISupportedInterfaceOrientations_iPhone = "UIInterfaceOrientationPortrait UIInterfaceOrientationLandscapeLeft UIInterfaceOrientationLandscapeRight";
				IPHONEOS_DEPLOYMENT_TARGET = 15.0;
				LD_RUNPATH_SEARCH_PATHS = (
					"$(inherited)",
					"@executable_path/Frameworks",
				);
				MARKETING_VERSION = 1.0;
				PRODUCT_BUNDLE_IDENTIFIER = TakeItEasyProject.TakeItEasyProject;
				PRODUCT_NAME = "$(TARGET_NAME)";
				SWIFT_EMIT_LOC_STRINGS = YES;
				SWIFT_VERSION = 5.0;
				TARGETED_DEVICE_FAMILY = "1,2";
			};
			name = Debug;
		};
		3BEC0B93285B91AF0030EC25 /* Release */ = {
			isa = XCBuildConfiguration;
			buildSettings = {
				ASSETCATALOG_COMPILER_APPICON_NAME = AppIcon;
				ASSETCATALOG_COMPILER_GLOBAL_ACCENT_COLOR_NAME = AccentColor;
				CODE_SIGN_STYLE = Automatic;
				CURRENT_PROJECT_VERSION = 1;
				DEVELOPMENT_TEAM = 78KD2K8JK9;
				GENERATE_INFOPLIST_FILE = YES;
				INFOPLIST_FILE = TakeItEasyProject/Info.plist;
				INFOPLIST_KEY_UIApplicationSupportsIndirectInputEvents = YES;
				INFOPLIST_KEY_UILaunchStoryboardName = LaunchScreen;
				INFOPLIST_KEY_UIMainStoryboardFile = Main;
				INFOPLIST_KEY_UISupportedInterfaceOrientations_iPad = "UIInterfaceOrientationPortrait UIInterfaceOrientationPortraitUpsideDown UIInterfaceOrientationLandscapeLeft UIInterfaceOrientationLandscapeRight";
				INFOPLIST_KEY_UISupportedInterfaceOrientations_iPhone = "UIInterfaceOrientationPortrait UIInterfaceOrientationLandscapeLeft UIInterfaceOrientationLandscapeRight";
				IPHONEOS_DEPLOYMENT_TARGET = 15.0;
				LD_RUNPATH_SEARCH_PATHS = (
					"$(inherited)",
					"@executable_path/Frameworks",
				);
				MARKETING_VERSION = 1.0;
				PRODUCT_BUNDLE_IDENTIFIER = TakeItEasyProject.TakeItEasyProject;
				PRODUCT_NAME = "$(TARGET_NAME)";
				SWIFT_EMIT_LOC_STRINGS = YES;
				SWIFT_VERSION = 5.0;
				TARGETED_DEVICE_FAMILY = "1,2";
			};
			name = Release;
		};
/* End XCBuildConfiguration section */

/* Begin XCConfigurationList section */
		3BEC0B75285B91AC0030EC25 /* Build configuration list for PBXProject "TakeItEasyProject" */ = {
			isa = XCConfigurationList;
			buildConfigurations = (
				3BEC0B8F285B91AF0030EC25 /* Debug */,
				3BEC0B90285B91AF0030EC25 /* Release */,
			);
			defaultConfigurationIsVisible = 0;
			defaultConfigurationName = Release;
		};
		3BEC0B91285B91AF0030EC25 /* Build configuration list for PBXNativeTarget "TakeItEasyProject" */ = {
			isa = XCConfigurationList;
			buildConfigurations = (
				3BEC0B92285B91AF0030EC25 /* Debug */,
				3BEC0B93285B91AF0030EC25 /* Release */,
			);
			defaultConfigurationIsVisible = 0;
			defaultConfigurationName = Release;
		};
/* End XCConfigurationList section */

/* Begin XCVersionGroup section */
		3BEC0B86285B91AC0030EC25 /* TakeItEasyProject.xcdatamodeld */ = {
			isa = XCVersionGroup;
			children = (
				3BEC0B87285B91AC0030EC25 /* TakeItEasyProject.xcdatamodel */,
			);
			currentVersion = 3BEC0B87285B91AC0030EC25 /* TakeItEasyProject.xcdatamodel */;
			path = TakeItEasyProject.xcdatamodeld;
			sourceTree = "<group>";
			versionGroupType = wrapper.xcdatamodel;
		};
/* End XCVersionGroup section */
	};
	rootObject = 3BEC0B72285B91AC0030EC25 /* Project object */;
}
